{
  "name": "warframe-companion",
  "version": "0.1.0",
  "lockfileVersion": 3,
  "requires": true,
  "packages": {
    "": {
      "name": "warframe-companion",
      "version": "0.1.0",
      "license": "MIT",
      "workspaces": [
        "apps/*",
        "packages/*"
      ],
      "engines": {
        "node": ">=22"
      }
    },
    "node_modules/@warframe-companion/market-query-contract": {
      "resolved": "packages/market-query-contract",
      "link": true
    },
    "packages/market-query-contract": {
      "name": "@warframe-companion/market-query-contract",
      "version": "0.1.0",
      "license": "MIT",
      "devDependencies": {
        "typescript": "5.9.3"
      }
    },
    "packages/market-query-contract/node_modules/typescript": {
      "version": "5.9.3",
      "dev": true,
      "license": "Apache-2.0",
      "bin": {
        "tsc": "bin/tsc",
        "tsserver": "bin/tsserver"
      },
      "engines": {
        "node": ">=14.17"
      }
    }
  }
}
